// !$*UTF8*$!
{
	archiveVersion = 1;
	classes = {
	};
	objectVersion = 56;
	objects = {

/* Begin PBXBuildFile section */
		3E03EB002964FE8000E6F585 /* FriendFaceApp.swift in Sources */ = {isa = PBXBuildFile; fileRef = 3E03EAFF2964FE8000E6F585 /* FriendFaceApp.swift */; };
		3E03EB022964FE8000E6F585 /* ContentView.swift in Sources */ = {isa = PBXBuildFile; fileRef = 3E03EB012964FE8000E6F585 /* ContentView.swift */; };
		3E03EB042964FE8100E6F585 /* Assets.xcassets in Resources */ = {isa = PBXBuildFile; fileRef = 3E03EB032964FE8100E6F585 /* Assets.xcassets */; };
		3E03EB072964FE8100E6F585 /* Preview Assets.xcassets in Resources */ = {isa = PBXBuildFile; fileRef = 3E03EB062964FE8100E6F585 /* Preview Assets.xcassets */; };
		3E03EB102964FEDB00E6F585 /* UserModel.swift in Sources */ = {isa = PBXBuildFile; fileRef = 3E03EB0F2964FEDB00E6F585 /* UserModel.swift */; };
		3E03EB132964FF3500E6F585 /* DetailView.swift in Sources */ = {isa = PBXBuildFile; fileRef = 3E03EB122964FF3500E6F585 /* DetailView.swift */; };
		3E03EB162965001300E6F585 /* FriendFace.xcdatamodeld in Sources */ = {isa = PBXBuildFile; fileRef = 3E03EB142965001300E6F585 /* FriendFace.xcdatamodeld */; };
		3E03EB23296502FD00E6F585 /* CachedFriend+CoreDataClass.swift in Sources */ = {isa = PBXBuildFile; fileRef = 3E03EB1F296502FD00E6F585 /* CachedFriend+CoreDataClass.swift */; };
		3E03EB24296502FD00E6F585 /* CachedFriend+CoreDataProperties.swift in Sources */ = {isa = PBXBuildFile; fileRef = 3E03EB20296502FD00E6F585 /* CachedFriend+CoreDataProperties.swift */; };
		3E03EB25296502FD00E6F585 /* CachedUser+CoreDataClass.swift in Sources */ = {isa = PBXBuildFile; fileRef = 3E03EB21296502FD00E6F585 /* CachedUser+CoreDataClass.swift */; };
		3E03EB26296502FD00E6F585 /* CachedUser+CoreDataProperties.swift in Sources */ = {isa = PBXBuildFile; fileRef = 3E03EB22296502FD00E6F585 /* CachedUser+CoreDataProperties.swift */; };
		3E03EB28296503DA00E6F585 /* DataController.swift in Sources */ = {isa = PBXBuildFile; fileRef = 3E03EB27296503DA00E6F585 /* DataController.swift */; };
		3E03EB2A2965296900E6F585 /* Filtered_List.swift in Sources */ = {isa = PBXBuildFile; fileRef = 3E03EB292965296900E6F585 /* Filtered_List.swift */; };
/* End PBXBuildFile section */

/* Begin PBXFileReference section */
		3E03EAFC2964FE8000E6F585 /* FriendFace.app */ = {isa = PBXFileReference; explicitFileType = wrapper.application; includeInIndex = 0; path = FriendFace.app; sourceTree = BUILT_PRODUCTS_DIR; };
		3E03EAFF2964FE8000E6F585 /* FriendFaceApp.swift */ = {isa = PBXFileReference; lastKnownFileType = sourcecode.swift; path = FriendFaceApp.swift; sourceTree = "<group>"; };
		3E03EB012964FE8000E6F585 /* ContentView.swift */ = {isa = PBXFileReference; lastKnownFileType = sourcecode.swift; path = ContentView.swift; sourceTree = "<group>"; };
		3E03EB032964FE8100E6F585 /* Assets.xcassets */ = {isa = PBXFileReference; lastKnownFileType = folder.assetcatalog; path = Assets.xcassets; sourceTree = "<group>"; };
		3E03EB062964FE8100E6F585 /* Preview Assets.xcassets */ = {isa = PBXFileReference; lastKnownFileType = folder.assetcatalog; path = "Preview Assets.xcassets"; sourceTree = "<group>"; };
		3E03EB0F2964FEDB00E6F585 /* UserModel.swift */ = {isa = PBXFileReference; lastKnownFileType = sourcecode.swift; path = UserModel.swift; sourceTree = "<group>"; };
		3E03EB122964FF3500E6F585 /* DetailView.swift */ = {isa = PBXFileReference; lastKnownFileType = sourcecode.swift; path = DetailView.swift; sourceTree = "<group>"; };
		3E03EB152965001300E6F585 /* FriendFace.xcdatamodel */ = {isa = PBXFileReference; lastKnownFileType = wrapper.xcdatamodel; path = FriendFace.xcdatamodel; sourceTree = "<group>"; };
		3E03EB1F296502FD00E6F585 /* CachedFriend+CoreDataClass.swift */ = {isa = PBXFileReference; lastKnownFileType = sourcecode.swift; path = "CachedFriend+CoreDataClass.swift"; sourceTree = "<group>"; };
		3E03EB20296502FD00E6F585 /* CachedFriend+CoreDataProperties.swift */ = {isa = PBXFileReference; lastKnownFileType = sourcecode.swift; path = "CachedFriend+CoreDataProperties.swift"; sourceTree = "<group>"; };
		3E03EB21296502FD00E6F585 /* CachedUser+CoreDataClass.swift */ = {isa = PBXFileReference; lastKnownFileType = sourcecode.swift; path = "CachedUser+CoreDataClass.swift"; sourceTree = "<group>"; };
		3E03EB22296502FD00E6F585 /* CachedUser+CoreDataProperties.swift */ = {isa = PBXFileReference; lastKnownFileType = sourcecode.swift; path = "CachedUser+CoreDataProperties.swift"; sourceTree = "<group>"; };
		3E03EB27296503DA00E6F585 /* DataController.swift */ = {isa = PBXFileReference; lastKnownFileType = sourcecode.swift; path = DataController.swift; sourceTree = "<group>"; };
		3E03EB292965296900E6F585 /* Filtered_List.swift */ = {isa = PBXFileReference; lastKnownFileType = sourcecode.swift; path = Filtered_List.swift; sourceTree = "<group>"; };
/* End PBXFileReference section */

/* Begin PBXFrameworksBuildPhase section */
		3E03EAF92964FE8000E6F585 /* Frameworks */ = {
			isa = PBXFrameworksBuildPhase;
			buildActionMask = 2147483647;
			files = (
			);
			runOnlyForDeploymentPostprocessing = 0;
		};
/* End PBXFrameworksBuildPhase section */

/* Begin PBXGroup section */
		3E03EAF32964FE8000E6F585 = {
			isa = PBXGroup;
			children = (
				3E03EAFE2964FE8000E6F585 /* FriendFace */,
				3E03EAFD2964FE8000E6F585 /* Products */,
			);
			sourceTree = "<group>";
		};
		3E03EAFD2964FE8000E6F585 /* Products */ = {
			isa = PBXGroup;
			children = (
				3E03EAFC2964FE8000E6F585 /* FriendFace.app */,
			);
			name = Products;
			sourceTree = "<group>";
		};
		3E03EAFE2964FE8000E6F585 /* FriendFace */ = {
			isa = PBXGroup;
			children = (
				3E03EB0D2964FEB200E6F585 /* Models */,
				3E03EB0E2964FEBE00E6F585 /* ViewModels */,
				3E03EB112964FF2500E6F585 /* Views */,
				3E03EAFF2964FE8000E6F585 /* FriendFaceApp.swift */,
				3E03EB032964FE8100E6F585 /* Assets.xcassets */,
				3E03EB052964FE8100E6F585 /* Preview Content */,
			);
			path = FriendFace;
			sourceTree = "<group>";
		};
		3E03EB052964FE8100E6F585 /* Preview Content */ = {
			isa = PBXGroup;
			children = (
				3E03EB062964FE8100E6F585 /* Preview Assets.xcassets */,
			);
			path = "Preview Content";
			sourceTree = "<group>";
		};
		3E03EB0D2964FEB200E6F585 /* Models */ = {
			isa = PBXGroup;
			children = (
				3E03EB1F296502FD00E6F585 /* CachedFriend+CoreDataClass.swift */,
				3E03EB20296502FD00E6F585 /* CachedFriend+CoreDataProperties.swift */,
				3E03EB21296502FD00E6F585 /* CachedUser+CoreDataClass.swift */,
				3E03EB22296502FD00E6F585 /* CachedUser+CoreDataProperties.swift */,
				3E03EB0F2964FEDB00E6F585 /* UserModel.swift */,
				3E03EB142965001300E6F585 /* FriendFace.xcdatamodeld */,
			);
			path = Models;
			sourceTree = "<group>";
		};
		3E03EB0E2964FEBE00E6F585 /* ViewModels */ = {
			isa = PBXGroup;
			children = (
				3E03EB27296503DA00E6F585 /* DataController.swift */,
			);
			path = ViewModels;
			sourceTree = "<group>";
		};
		3E03EB112964FF2500E6F585 /* Views */ = {
			isa = PBXGroup;
			children = (
				3E03EB012964FE8000E6F585 /* ContentView.swift */,
				3E03EB122964FF3500E6F585 /* DetailView.swift */,
				3E03EB292965296900E6F585 /* Filtered_List.swift */,
			);
			path = Views;
			sourceTree = "<group>";
		};
/* End PBXGroup section */

/* Begin PBXNativeTarget section */
		3E03EAFB2964FE8000E6F585 /* FriendFace */ = {
			isa = PBXNativeTarget;
			buildConfigurationList = 3E03EB0A2964FE8100E6F585 /* Build configuration list for PBXNativeTarget "FriendFace" */;
			buildPhases = (
				3E03EAF82964FE8000E6F585 /* Sources */,
				3E03EAF92964FE8000E6F585 /* Frameworks */,
				3E03EAFA2964FE8000E6F585 /* Resources */,
			);
			buildRules = (
			);
			dependencies = (
			);
			name = FriendFace;
			productName = FriendFace;
			productReference = 3E03EAFC2964FE8000E6F585 /* FriendFace.app */;
			productType = "com.apple.product-type.application";
		};
/* End PBXNativeTarget section */

/* Begin PBXProject section */
		3E03EAF42964FE8000E6F585 /* Project object */ = {
			isa = PBXProject;
			attributes = {
				BuildIndependentTargetsInParallel = 1;
				LastSwiftUpdateCheck = 1410;
				LastUpgradeCheck = 1410;
				TargetAttributes = {
					3E03EAFB2964FE8000E6F585 = {
						CreatedOnToolsVersion = 14.1;
					};
				};
			};
			buildConfigurationList = 3E03EAF72964FE8000E6F585 /* Build configuration list for PBXProject "FriendFace" */;
			compatibilityVersion = "Xcode 14.0";
			developmentRegion = en;
			hasScannedForEncodings = 0;
			knownRegions = (
				en,
				Base,
			);
			mainGroup = 3E03EAF32964FE8000E6F585;
			productRefGroup = 3E03EAFD2964FE8000E6F585 /* Products */;
			projectDirPath = "";
			projectRoot = "";
			targets = (
				3E03EAFB2964FE8000E6F585 /* FriendFace */,
			);
		};
/* End PBXProject section */

/* Begin PBXResourcesBuildPhase section */
		3E03EAFA2964FE8000E6F585 /* Resources */ = {
			isa = PBXResourcesBuildPhase;
			buildActionMask = 2147483647;
			files = (
				3E03EB072964FE8100E6F585 /* Preview Assets.xcassets in Resources */,
				3E03EB042964FE8100E6F585 /* Assets.xcassets in Resources */,
			);
			runOnlyForDeploymentPostprocessing = 0;
		};
/* End PBXResourcesBuildPhase section */

/* Begin PBXSourcesBuildPhase section */
		3E03EAF82964FE8000E6F585 /* Sources */ = {
			isa = PBXSourcesBuildPhase;
			buildActionMask = 2147483647;
			files = (
				3E03EB24296502FD00E6F585 /* CachedFriend+CoreDataProperties.swift in Sources */,
				3E03EB23296502FD00E6F585 /* CachedFriend+CoreDataClass.swift in Sources */,
				3E03EB022964FE8000E6F585 /* ContentView.swift in Sources */,
				3E03EB132964FF3500E6F585 /* DetailView.swift in Sources */,
				3E03EB25296502FD00E6F585 /* CachedUser+CoreDataClass.swift in Sources */,
				3E03EB28296503DA00E6F585 /* DataController.swift in Sources */,
				3E03EB102964FEDB00E6F585 /* UserModel.swift in Sources */,
				3E03EB162965001300E6F585 /* FriendFace.xcdatamodeld in Sources */,
				3E03EB26296502FD00E6F585 /* CachedUser+CoreDataProperties.swift in Sources */,
				3E03EB002964FE8000E6F585 /* FriendFaceApp.swift in Sources */,
				3E03EB2A2965296900E6F585 /* Filtered_List.swift in Sources */,
			);
			runOnlyForDeploymentPostprocessing = 0;
		};
/* End PBXSourcesBuildPhase section */

/* Begin XCBuildConfiguration section */
		3E03EB082964FE8100E6F585 /* Debug */ = {
			isa = XCBuildConfiguration;
			buildSettings = {
				ALWAYS_SEARCH_USER_PATHS = NO;
				CLANG_ANALYZER_NONNULL = YES;
				CLANG_ANALYZER_NUMBER_OBJECT_CONVERSION = YES_AGGRESSIVE;
				CLANG_CXX_LANGUAGE_STANDARD = "gnu++20";
				CLANG_ENABLE_MODULES = YES;
				CLANG_ENABLE_OBJC_ARC = YES;
				CLANG_ENABLE_OBJC_WEAK = YES;
				CLANG_WARN_BLOCK_CAPTURE_AUTORELEASING = YES;
				CLANG_WARN_BOOL_CONVERSION = YES;
				CLANG_WARN_COMMA = YES;
				CLANG_WARN_CONSTANT_CONVERSION = YES;
				CLANG_WARN_DEPRECATED_OBJC_IMPLEMENTATIONS = YES;
				CLANG_WARN_DIRECT_OBJC_ISA_USAGE = YES_ERROR;
				CLANG_WARN_DOCUMENTATION_COMMENTS = YES;
				CLANG_WARN_EMPTY_BODY = YES;
				CLANG_WARN_ENUM_CONVERSION = YES;
				CLANG_WARN_INFINITE_RECURSION = YES;
				CLANG_WARN_INT_CONVERSION = YES;
				CLANG_WARN_NON_LITERAL_NULL_CONVERSION = YES;
				CLANG_WARN_OBJC_IMPLICIT_RETAIN_SELF = YES;
				CLANG_WARN_OBJC_LITERAL_CONVERSION = YES;
				CLANG_WARN_OBJC_ROOT_CLASS = YES_ERROR;
				CLANG_WARN_QUOTED_INCLUDE_IN_FRAMEWORK_HEADER = YES;
				CLANG_WARN_RANGE_LOOP_ANALYSIS = YES;
				CLANG_WARN_STRICT_PROTOTYPES = YES;
				CLANG_WARN_SUSPICIOUS_MOVE = YES;
				CLANG_WARN_UNGUARDED_AVAILABILITY = YES_AGGRESSIVE;
				CLANG_WARN_UNREACHABLE_CODE = YES;
				CLANG_WARN__DUPLICATE_METHOD_MATCH = YES;
				COPY_PHASE_STRIP = NO;
				DEBUG_INFORMATION_FORMAT = dwarf;
				ENABLE_STRICT_OBJC_MSGSEND = YES;
				ENABLE_TESTABILITY = YES;
				GCC_C_LANGUAGE_STANDARD = gnu11;
				GCC_DYNAMIC_NO_PIC = NO;
				GCC_NO_COMMON_BLOCKS = YES;
				GCC_OPTIMIZATION_LEVEL = 0;
				GCC_PREPROCESSOR_DEFINITIONS = (
					"DEBUG=1",
					"$(inherited)",
				);
				GCC_WARN_64_TO_32_BIT_CONVERSION = YES;
				GCC_WARN_ABOUT_RETURN_TYPE = YES_ERROR;
				GCC_WARN_UNDECLARED_SELECTOR = YES;
				GCC_WARN_UNINITIALIZED_AUTOS = YES_AGGRESSIVE;
				GCC_WARN_UNUSED_FUNCTION = YES;
				GCC_WARN_UNUSED_VARIABLE = YES;
				IPHONEOS_DEPLOYMENT_TARGET = 16.1;
				MTL_ENABLE_DEBUG_INFO = INCLUDE_SOURCE;
				MTL_FAST_MATH = YES;
				ONLY_ACTIVE_ARCH = YES;
				SDKROOT = iphoneos;
				SWIFT_ACTIVE_COMPILATION_CONDITIONS = DEBUG;
				SWIFT_OPTIMIZATION_LEVEL = "-Onone";
			};
			name = Debug;
		};
		3E03EB092964FE8100E6F585 /* Release */ = {
			isa = XCBuildConfiguration;
			buildSettings = {
				ALWAYS_SEARCH_USER_PATHS = NO;
				CLANG_ANALYZER_NONNULL = YES;
				CLANG_ANALYZER_NUMBER_OBJECT_CONVERSION = YES_AGGRESSIVE;
				CLANG_CXX_LANGUAGE_STANDARD = "gnu++20";
				CLANG_ENABLE_MODULES = YES;
				CLANG_ENABLE_OBJC_ARC = YES;
				CLANG_ENABLE_OBJC_WEAK = YES;
				CLANG_WARN_BLOCK_CAPTURE_AUTORELEASING = YES;
				CLANG_WARN_BOOL_CONVERSION = YES;
				CLANG_WARN_COMMA = YES;
				CLANG_WARN_CONSTANT_CONVERSION = YES;
				CLANG_WARN_DEPRECATED_OBJC_IMPLEMENTATIONS = YES;
				CLANG_WARN_DIRECT_OBJC_ISA_USAGE = YES_ERROR;
				CLANG_WARN_DOCUMENTATION_COMMENTS = YES;
				CLANG_WARN_EMPTY_BODY = YES;
				CLANG_WARN_ENUM_CONVERSION = YES;
				CLANG_WARN_INFINITE_RECURSION = YES;
				CLANG_WARN_INT_CONVERSION = YES;
				CLANG_WARN_NON_LITERAL_NULL_CONVERSION = YES;
				CLANG_WARN_OBJC_IMPLICIT_RETAIN_SELF = YES;
				CLANG_WARN_OBJC_LITERAL_CONVERSION = YES;
				CLANG_WARN_OBJC_ROOT_CLASS = YES_ERROR;
				CLANG_WARN_QUOTED_INCLUDE_IN_FRAMEWORK_HEADER = YES;
				CLANG_WARN_RANGE_LOOP_ANALYSIS = YES;
				CLANG_WARN_STRICT_PROTOTYPES = YES;
				CLANG_WARN_SUSPICIOUS_MOVE = YES;
				CLANG_WARN_UNGUARDED_AVAILABILITY = YES_AGGRESSIVE;
				CLANG_WARN_UNREACHABLE_CODE = YES;
				CLANG_WARN__DUPLICATE_METHOD_MATCH = YES;
				COPY_PHASE_STRIP = NO;
				DEBUG_INFORMATION_FORMAT = "dwarf-with-dsym";
				ENABLE_NS_ASSERTIONS = NO;
				ENABLE_STRICT_OBJC_MSGSEND = YES;
				GCC_C_LANGUAGE_STANDARD = gnu11;
				GCC_NO_COMMON_BLOCKS = YES;
				GCC_WARN_64_TO_32_BIT_CONVERSION = YES;
				GCC_WARN_ABOUT_RETURN_TYPE = YES_ERROR;
				GCC_WARN_UNDECLARED_SELECTOR = YES;
				GCC_WARN_UNINITIALIZED_AUTOS = YES_AGGRESSIVE;
				GCC_WARN_UNUSED_FUNCTION = YES;
				GCC_WARN_UNUSED_VARIABLE = YES;
				IPHONEOS_DEPLOYMENT_TARGET = 16.1;
				MTL_ENABLE_DEBUG_INFO = NO;
				MTL_FAST_MATH = YES;
				SDKROOT = iphoneos;
				SWIFT_COMPILATION_MODE = wholemodule;
				SWIFT_OPTIMIZATION_LEVEL = "-O";
				VALIDATE_PRODUCT = YES;
			};
			name = Release;
		};
		3E03EB0B2964FE8100E6F585 /* Debug */ = {
			isa = XCBuildConfiguration;
			buildSettings = {
				ASSETCATALOG_COMPILER_APPICON_NAME = AppIcon;
				ASSETCATALOG_COMPILER_GLOBAL_ACCENT_COLOR_NAME = AccentColor;
				CODE_SIGN_STYLE = Automatic;
				CURRENT_PROJECT_VERSION = 1;
				DEVELOPMENT_ASSET_PATHS = "\"FriendFace/Preview Content\"";
				DEVELOPMENT_TEAM = 78B5GQU47L;
				ENABLE_PREVIEWS = YES;
				GENERATE_INFOPLIST_FILE = YES;
				INFOPLIST_KEY_UIApplicationSceneManifest_Generation = YES;
				INFOPLIST_KEY_UIApplicationSupportsIndirectInputEvents = YES;
				INFOPLIST_KEY_UILaunchScreen_Generation = YES;
				INFOPLIST_KEY_UISupportedInterfaceOrientations_iPad = "UIInterfaceOrientationPortrait UIInterfaceOrientationPortraitUpsideDown UIInterfaceOrientationLandscapeLeft UIInterfaceOrientationLandscapeRight";
				INFOPLIST_KEY_UISupportedInterfaceOrientations_iPhone = "UIInterfaceOrientationPortrait UIInterfaceOrientationLandscapeLeft UIInterfaceOrientationLandscapeRight";
				LD_RUNPATH_SEARCH_PATHS = (
					"$(inherited)",
					"@executable_path/Frameworks",
				);
				MARKETING_VERSION = 1.0;
				PRODUCT_BUNDLE_IDENTIFIER = faridJemmy022.FriendFace;
				PRODUCT_NAME = "$(TARGET_NAME)";
				SWIFT_EMIT_LOC_STRINGS = YES;
				SWIFT_VERSION = 5.0;
				TARGETED_DEVICE_FAMILY = "1,2";
			};
			name = Debug;
		};
		3E03EB0C2964FE8100E6F585 /* Release */ = {
			isa = XCBuildConfiguration;
			buildSettings = {
				ASSETCATALOG_COMPILER_APPICON_NAME = AppIcon;
				ASSETCATALOG_COMPILER_GLOBAL_ACCENT_COLOR_NAME = AccentColor;
				CODE_SIGN_STYLE = Automatic;
				CURRENT_PROJECT_VERSION = 1;
				DEVELOPMENT_ASSET_PATHS = "\"FriendFace/Preview Content\"";
				DEVELOPMENT_TEAM = 78B5GQU47L;
				ENABLE_PREVIEWS = YES;
				GENERATE_INFOPLIST_FILE = YES;
				INFOPLIST_KEY_UIApplicationSceneManifest_Generation = YES;
				INFOPLIST_KEY_UIApplicationSupportsIndirectInputEvents = YES;
				INFOPLIST_KEY_UILaunchScreen_Generation = YES;
				INFOPLIST_KEY_UISupportedInterfaceOrientations_iPad = "UIInterfaceOrientationPortrait UIInterfaceOrientationPortraitUpsideDown UIInterfaceOrientationLandscapeLeft UIInterfaceOrientationLandscapeRight";
				INFOPLIST_KEY_UISupportedInterfaceOrientations_iPhone = "UIInterfaceOrientationPortrait UIInterfaceOrientationLandscapeLeft UIInterfaceOrientationLandscapeRight";
				LD_RUNPATH_SEARCH_PATHS = (
					"$(inherited)",
					"@executable_path/Frameworks",
				);
				MARKETING_VERSION = 1.0;
				PRODUCT_BUNDLE_IDENTIFIER = faridJemmy022.FriendFace;
				PRODUCT_NAME = "$(TARGET_NAME)";
				SWIFT_EMIT_LOC_STRINGS = YES;
				SWIFT_VERSION = 5.0;
				TARGETED_DEVICE_FAMILY = "1,2";
			};
			name = Release;
		};
/* End XCBuildConfiguration section */

/* Begin XCConfigurationList section */
		3E03EAF72964FE8000E6F585 /* Build configuration list for PBXProject "FriendFace" */ = {
			isa = XCConfigurationList;
			buildConfigurations = (
				3E03EB082964FE8100E6F585 /* Debug */,
				3E03EB092964FE8100E6F585 /* Release */,
			);
			defaultConfigurationIsVisible = 0;
			defaultConfigurationName = Release;
		};
		3E03EB0A2964FE8100E6F585 /* Build configuration list for PBXNativeTarget "FriendFace" */ = {
			isa = XCConfigurationList;
			buildConfigurations = (
				3E03EB0B2964FE8100E6F585 /* Debug */,
				3E03EB0C2964FE8100E6F585 /* Release */,
			);
			defaultConfigurationIsVisible = 0;
			defaultConfigurationName = Release;
		};
/* End XCConfigurationList section */

/* Begin XCVersionGroup section */
		3E03EB142965001300E6F585 /* FriendFace.xcdatamodeld */ = {
			isa = XCVersionGroup;
			children = (
				3E03EB152965001300E6F585 /* FriendFace.xcdatamodel */,
			);
			currentVersion = 3E03EB152965001300E6F585 /* FriendFace.xcdatamodel */;
			path = FriendFace.xcdatamodeld;
			sourceTree = "<group>";
			versionGroupType = wrapper.xcdatamodel;
		};
/* End XCVersionGroup section */
	};
	rootObject = 3E03EAF42964FE8000E6F585 /* Project object */;
}
